
Microsoft Visual Studio Solution File, Format Version 12.00
# Visual Studio Version 16
VisualStudioVersion = 16.0.32228.343
MinimumVisualStudioVersion = 10.0.40219.1
Project("{FAE04EC0-301F-11D3-BF4B-00C04F79EFBC}") = "StudentManagerPro", "StudentManager\StudentManagerPro.csproj", "{86602566-2F39-4DB5-9B43-F6A87C397788}"
EndProject
Project("{FAE04EC0-301F-11D3-BF4B-00C04F79EFBC}") = "DAL", "C:\Users\Edgar\source\repos\DAL\DAL.csproj", "{17AE536E-F682-422B-880C-AEA2363CBF45}"
EndProject
Project("{FAE04EC0-301F-11D3-BF4B-00C04F79EFBC}") = "Models", "C:\Users\Edgar\source\repos\Models\Models.csproj", "{89D1443C-9EEB-460F-B604-2298E630C897}"
EndProject
Global
	GlobalSection(SolutionConfigurationPlatforms) = preSolution
		Debug|Any CPU = Debug|Any CPU
		Debug|Mixed Platforms = Debug|Mixed Platforms
		Debug|x86 = Debug|x86
		Release|Any CPU = Release|Any CPU
		Release|Mixed Platforms = Release|Mixed Platforms
		Release|x86 = Release|x86
	EndGlobalSection
	GlobalSection(ProjectConfigurationPlatforms) = postSolution
		{86602566-2F39-4DB5-9B43-F6A87C397788}.Debug|Any CPU.ActiveCfg = Debug|x86
		{86602566-2F39-4DB5-9B43-F6A87C397788}.Debug|Mixed Platforms.ActiveCfg = Debug|x86
		{86602566-2F39-4DB5-9B43-F6A87C397788}.Debug|Mixed Platforms.Build.0 = Debug|x86
		{86602566-2F39-4DB5-9B43-F6A87C397788}.Debug|x86.ActiveCfg = Debug|x86
		{86602566-2F39-4DB5-9B43-F6A87C397788}.Debug|x86.Build.0 = Debug|x86
		{86602566-2F39-4DB5-9B43-F6A87C397788}.Release|Any CPU.ActiveCfg = Release|x86
		{86602566-2F39-4DB5-9B43-F6A87C397788}.Release|Mixed Platforms.ActiveCfg = Release|x86
		{86602566-2F39-4DB5-9B43-F6A87C397788}.Release|Mixed Platforms.Build.0 = Release|x86
		{86602566-2F39-4DB5-9B43-F6A87C397788}.Release|x86.ActiveCfg = Release|x86
		{86602566-2F39-4DB5-9B43-F6A87C397788}.Release|x86.Build.0 = Release|x86
		{17AE536E-F682-422B-880C-AEA2363CBF45}.Debug|Any CPU.ActiveCfg = Debug|Any CPU
		{17AE536E-F682-422B-880C-AEA2363CBF45}.Debug|Any CPU.Build.0 = Debug|Any CPU
		{17AE536E-F682-422B-880C-AEA2363CBF45}.Debug|Mixed Platforms.ActiveCfg = Debug|Any CPU
		{17AE536E-F682-422B-880C-AEA2363CBF45}.Debug|Mixed Platforms.Build.0 = Debug|Any CPU
		{17AE536E-F682-422B-880C-AEA2363CBF45}.Debug|x86.ActiveCfg = Debug|Any CPU
		{17AE536E-F682-422B-880C-AEA2363CBF45}.Debug|x86.Build.0 = Debug|Any CPU
		{17AE536E-F682-422B-880C-AEA2363CBF45}.Release|Any CPU.ActiveCfg = Release|Any CPU
		{17AE536E-F682-422B-880C-AEA2363CBF45}.Release|Any CPU.Build.0 = Release|Any CPU
		{17AE536E-F682-422B-880C-AEA2363CBF45}.Release|Mixed Platforms.ActiveCfg = Release|Any CPU
		{17AE536E-F682-422B-880C-AEA2363CBF45}.Release|Mixed Platforms.Build.0 = Release|Any CPU
		{17AE536E-F682-422B-880C-AEA2363CBF45}.Release|x86.ActiveCfg = Release|Any CPU
		{17AE536E-F682-422B-880C-AEA2363CBF45}.Release|x86.Build.0 = Release|Any CPU
		{89D1443C-9EEB-460F-B604-2298E630C897}.Debug|Any CPU.ActiveCfg = Debug|Any CPU
		{89D1443C-9EEB-460F-B604-2298E630C897}.Debug|Any CPU.Build.0 = Debug|Any CPU
		{89D1443C-9EEB-460F-B604-2298E630C897}.Debug|Mixed Platforms.ActiveCfg = Debug|Any CPU
		{89D1443C-9EEB-460F-B604-2298E630C897}.Debug|Mixed Platforms.Build.0 = Debug|Any CPU
		{89D1443C-9EEB-460F-B604-2298E630C897}.Debug|x86.ActiveCfg = Debug|Any CPU
		{89D1443C-9EEB-460F-B604-2298E630C897}.Debug|x86.Build.0 = Debug|Any CPU
		{89D1443C-9EEB-460F-B604-2298E630C897}.Release|Any CPU.ActiveCfg = Release|Any CPU
		{89D1443C-9EEB-460F-B604-2298E630C897}.Release|Any CPU.Build.0 = Release|Any CPU
		{89D1443C-9EEB-460F-B604-2298E630C897}.Release|Mixed Platforms.ActiveCfg = Release|Any CPU
		{89D1443C-9EEB-460F-B604-2298E630C897}.Release|Mixed Platforms.Build.0 = Release|Any CPU
		{89D1443C-9EEB-460F-B604-2298E630C897}.Release|x86.ActiveCfg = Release|Any CPU
		{89D1443C-9EEB-460F-B604-2298E630C897}.Release|x86.Build.0 = Release|Any CPU
	EndGlobalSection
	GlobalSection(SolutionProperties) = preSolution
		HideSolutionNode = FALSE
	EndGlobalSection
	GlobalSection(ExtensibilityGlobals) = postSolution
		SolutionGuid = {69C62E85-3740-4946-A28A-BFEDFDFD4AB9}
	EndGlobalSection
EndGlobal
